
Microsoft Visual Studio Solution File, Format Version 12.00
# Visual Studio Version 16
VisualStudioVersion = 16.0.28803.202
MinimumVisualStudioVersion = 10.0.40219.1
Project("{8BC9CEB8-8B4A-11D0-8D11-00A0C91BC942}") = "TaskThirty", "TaskThirty\TaskThirty.vcxproj", "{B50178F7-5C5E-46F6-8474-8266FE6C7859}"
EndProject
Global
	GlobalSection(SolutionConfigurationPlatforms) = preSolution
		Debug|x64 = Debug|x64
		Debug|x86 = Debug|x86
		Release|x64 = Release|x64
		Release|x86 = Release|x86
	EndGlobalSection
	GlobalSection(ProjectConfigurationPlatforms) = postSolution
		{B50178F7-5C5E-46F6-8474-8266FE6C7859}.Debug|x64.ActiveCfg = Debug|x64
		{B50178F7-5C5E-46F6-8474-8266FE6C7859}.Debug|x64.Build.0 = Debug|x64
		{B50178F7-5C5E-46F6-8474-8266FE6C7859}.Debug|x86.ActiveCfg = Debug|Win32
		{B50178F7-5C5E-46F6-8474-8266FE6C7859}.Debug|x86.Build.0 = Debug|Win32
		{B50178F7-5C5E-46F6-8474-8266FE6C7859}.Release|x64.ActiveCfg = Release|x64
		{B50178F7-5C5E-46F6-8474-8266FE6C7859}.Release|x64.Build.0 = Release|x64
		{B50178F7-5C5E-46F6-8474-8266FE6C7859}.Release|x86.ActiveCfg = Release|Win32
		{B50178F7-5C5E-46F6-8474-8266FE6C7859}.Release|x86.Build.0 = Release|Win32
	EndGlobalSection
	GlobalSection(SolutionProperties) = preSolution
		HideSolutionNode = FALSE
	EndGlobalSection
	GlobalSection(ExtensibilityGlobals) = postSolution
		SolutionGuid = {E8845E7E-5B01-42A9-A197-EBCE0F033488}
	EndGlobalSection
EndGlobal
